// !$*UTF8*$!
{
	archiveVersion = 1;
	classes = {
	};
	objectVersion = 46;
	objects = {

/* Begin PBXBuildFile section */
		67240ED31E2A09C400FA524E /* AppDelegate.swift in Sources */ = {isa = PBXBuildFile; fileRef = 67240ED21E2A09C400FA524E /* AppDelegate.swift */; };
		67240ED51E2A09C400FA524E /* ViewController.swift in Sources */ = {isa = PBXBuildFile; fileRef = 67240ED41E2A09C400FA524E /* ViewController.swift */; };
		67240ED81E2A09C400FA524E /* Main.storyboard in Resources */ = {isa = PBXBuildFile; fileRef = 67240ED61E2A09C400FA524E /* Main.storyboard */; };
		67240EDA1E2A09C400FA524E /* Assets.xcassets in Resources */ = {isa = PBXBuildFile; fileRef = 67240ED91E2A09C400FA524E /* Assets.xcassets */; };
		67240EDD1E2A09C400FA524E /* LaunchScreen.storyboard in Resources */ = {isa = PBXBuildFile; fileRef = 67240EDB1E2A09C400FA524E /* LaunchScreen.storyboard */; };
		67240EE81E2A09C400FA524E /* RainyShinyTests.swift in Sources */ = {isa = PBXBuildFile; fileRef = 67240EE71E2A09C400FA524E /* RainyShinyTests.swift */; };
		67240EF31E2A09C400FA524E /* RainyShinyUITests.swift in Sources */ = {isa = PBXBuildFile; fileRef = 67240EF21E2A09C400FA524E /* RainyShinyUITests.swift */; };
/* End PBXBuildFile section */

/* Begin PBXContainerItemProxy section */
		67240EE41E2A09C400FA524E /* PBXContainerItemProxy */ = {
			isa = PBXContainerItemProxy;
			containerPortal = 67240EC71E2A09C400FA524E /* Project object */;
			proxyType = 1;
			remoteGlobalIDString = 67240ECE1E2A09C400FA524E;
			remoteInfo = RainyShiny;
		};
		67240EEF1E2A09C400FA524E /* PBXContainerItemProxy */ = {
			isa = PBXContainerItemProxy;
			containerPortal = 67240EC71E2A09C400FA524E /* Project object */;
			proxyType = 1;
			remoteGlobalIDString = 67240ECE1E2A09C400FA524E;
			remoteInfo = RainyShiny;
		};
/* End PBXContainerItemProxy section */

/* Begin PBXFileReference section */
		67240ECF1E2A09C400FA524E /* RainyShiny.app */ = {isa = PBXFileReference; explicitFileType = wrapper.application; includeInIndex = 0; path = RainyShiny.app; sourceTree = BUILT_PRODUCTS_DIR; };
		67240ED21E2A09C400FA524E /* AppDelegate.swift */ = {isa = PBXFileReference; lastKnownFileType = sourcecode.swift; path = AppDelegate.swift; sourceTree = "<group>"; };
		67240ED41E2A09C400FA524E /* ViewController.swift */ = {isa = PBXFileReference; lastKnownFileType = sourcecode.swift; path = ViewController.swift; sourceTree = "<group>"; };
		67240ED71E2A09C400FA524E /* Base */ = {isa = PBXFileReference; lastKnownFileType = file.storyboard; name = Base; path = Base.lproj/Main.storyboard; sourceTree = "<group>"; };
		67240ED91E2A09C400FA524E /* Assets.xcassets */ = {isa = PBXFileReference; lastKnownFileType = folder.assetcatalog; path = Assets.xcassets; sourceTree = "<group>"; };
		67240EDC1E2A09C400FA524E /* Base */ = {isa = PBXFileReference; lastKnownFileType = file.storyboard; name = Base; path = Base.lproj/LaunchScreen.storyboard; sourceTree = "<group>"; };
		67240EDE1E2A09C400FA524E /* Info.plist */ = {isa = PBXFileReference; lastKnownFileType = text.plist.xml; path = Info.plist; sourceTree = "<group>"; };
		67240EE31E2A09C400FA524E /* RainyShinyTests.xctest */ = {isa = PBXFileReference; explicitFileType = wrapper.cfbundle; includeInIndex = 0; path = RainyShinyTests.xctest; sourceTree = BUILT_PRODUCTS_DIR; };
		67240EE71E2A09C400FA524E /* RainyShinyTests.swift */ = {isa = PBXFileReference; lastKnownFileType = sourcecode.swift; path = RainyShinyTests.swift; sourceTree = "<group>"; };
		67240EE91E2A09C400FA524E /* Info.plist */ = {isa = PBXFileReference; lastKnownFileType = text.plist.xml; path = Info.plist; sourceTree = "<group>"; };
		67240EEE1E2A09C400FA524E /* RainyShinyUITests.xctest */ = {isa = PBXFileReference; explicitFileType = wrapper.cfbundle; includeInIndex = 0; path = RainyShinyUITests.xctest; sourceTree = BUILT_PRODUCTS_DIR; };
		67240EF21E2A09C400FA524E /* RainyShinyUITests.swift */ = {isa = PBXFileReference; lastKnownFileType = sourcecode.swift; path = RainyShinyUITests.swift; sourceTree = "<group>"; };
		67240EF41E2A09C400FA524E /* Info.plist */ = {isa = PBXFileReference; lastKnownFileType = text.plist.xml; path = Info.plist; sourceTree = "<group>"; };
/* End PBXFileReference section */

/* Begin PBXFrameworksBuildPhase section */
		67240ECC1E2A09C400FA524E /* Frameworks */ = {
			isa = PBXFrameworksBuildPhase;
			buildActionMask = 2147483647;
			files = (
			);
			runOnlyForDeploymentPostprocessing = 0;
		};
		67240EE01E2A09C400FA524E /* Frameworks */ = {
			isa = PBXFrameworksBuildPhase;
			buildActionMask = 2147483647;
			files = (
			);
			runOnlyForDeploymentPostprocessing = 0;
		};
		67240EEB1E2A09C400FA524E /* Frameworks */ = {
			isa = PBXFrameworksBuildPhase;
			buildActionMask = 2147483647;
			files = (
			);
			runOnlyForDeploymentPostprocessing = 0;
		};
/* End PBXFrameworksBuildPhase section */

/* Begin PBXGroup section */
		67240EC61E2A09C400FA524E = {
			isa = PBXGroup;
			children = (
				67240ED11E2A09C400FA524E /* RainyShiny */,
				67240EE61E2A09C400FA524E /* RainyShinyTests */,
				67240EF11E2A09C400FA524E /* RainyShinyUITests */,
				67240ED01E2A09C400FA524E /* Products */,
			);
			sourceTree = "<group>";
		};
		67240ED01E2A09C400FA524E /* Products */ = {
			isa = PBXGroup;
			children = (
				67240ECF1E2A09C400FA524E /* RainyShiny.app */,
				67240EE31E2A09C400FA524E /* RainyShinyTests.xctest */,
				67240EEE1E2A09C400FA524E /* RainyShinyUITests.xctest */,
			);
			name = Products;
			sourceTree = "<group>";
		};
		67240ED11E2A09C400FA524E /* RainyShiny */ = {
			isa = PBXGroup;
			children = (
				67240ED21E2A09C400FA524E /* AppDelegate.swift */,
				67240ED41E2A09C400FA524E /* ViewController.swift */,
				67240ED61E2A09C400FA524E /* Main.storyboard */,
				67240ED91E2A09C400FA524E /* Assets.xcassets */,
				67240EDB1E2A09C400FA524E /* LaunchScreen.storyboard */,
				67240EDE1E2A09C400FA524E /* Info.plist */,
			);
			path = RainyShiny;
			sourceTree = "<group>";
		};
		67240EE61E2A09C400FA524E /* RainyShinyTests */ = {
			isa = PBXGroup;
			children = (
				67240EE71E2A09C400FA524E /* RainyShinyTests.swift */,
				67240EE91E2A09C400FA524E /* Info.plist */,
			);
			path = RainyShinyTests;
			sourceTree = "<group>";
		};
		67240EF11E2A09C400FA524E /* RainyShinyUITests */ = {
			isa = PBXGroup;
			children = (
				67240EF21E2A09C400FA524E /* RainyShinyUITests.swift */,
				67240EF41E2A09C400FA524E /* Info.plist */,
			);
			path = RainyShinyUITests;
			sourceTree = "<group>";
		};
/* End PBXGroup section */

/* Begin PBXNativeTarget section */
		67240ECE1E2A09C400FA524E /* RainyShiny */ = {
			isa = PBXNativeTarget;
			buildConfigurationList = 67240EF71E2A09C400FA524E /* Build configuration list for PBXNativeTarget "RainyShiny" */;
			buildPhases = (
				67240ECB1E2A09C400FA524E /* Sources */,
				67240ECC1E2A09C400FA524E /* Frameworks */,
				67240ECD1E2A09C400FA524E /* Resources */,
			);
			buildRules = (
			);
			dependencies = (
			);
			name = RainyShiny;
			productName = RainyShiny;
			productReference = 67240ECF1E2A09C400FA524E /* RainyShiny.app */;
			productType = "com.apple.product-type.application";
		};
		67240EE21E2A09C400FA524E /* RainyShinyTests */ = {
			isa = PBXNativeTarget;
			buildConfigurationList = 67240EFA1E2A09C400FA524E /* Build configuration list for PBXNativeTarget "RainyShinyTests" */;
			buildPhases = (
				67240EDF1E2A09C400FA524E /* Sources */,
				67240EE01E2A09C400FA524E /* Frameworks */,
				67240EE11E2A09C400FA524E /* Resources */,
			);
			buildRules = (
			);
			dependencies = (
				67240EE51E2A09C400FA524E /* PBXTargetDependency */,
			);
			name = RainyShinyTests;
			productName = RainyShinyTests;
			productReference = 67240EE31E2A09C400FA524E /* RainyShinyTests.xctest */;
			productType = "com.apple.product-type.bundle.unit-test";
		};
		67240EED1E2A09C400FA524E /* RainyShinyUITests */ = {
			isa = PBXNativeTarget;
			buildConfigurationList = 67240EFD1E2A09C400FA524E /* Build configuration list for PBXNativeTarget "RainyShinyUITests" */;
			buildPhases = (
				67240EEA1E2A09C400FA524E /* Sources */,
				67240EEB1E2A09C400FA524E /* Frameworks */,
				67240EEC1E2A09C400FA524E /* Resources */,
			);
			buildRules = (
			);
			dependencies = (
				67240EF01E2A09C400FA524E /* PBXTargetDependency */,
			);
			name = RainyShinyUITests;
			productName = RainyShinyUITests;
			productReference = 67240EEE1E2A09C400FA524E /* RainyShinyUITests.xctest */;
			productType = "com.apple.product-type.bundle.ui-testing";
		};
/* End PBXNativeTarget section */

/* Begin PBXProject section */
		67240EC71E2A09C400FA524E /* Project object */ = {
			isa = PBXProject;
			attributes = {
				LastSwiftUpdateCheck = 0800;
				LastUpgradeCheck = 0800;
				ORGANIZATIONNAME = NguyenHung;
				TargetAttributes = {
					67240ECE1E2A09C400FA524E = {
						CreatedOnToolsVersion = 8.0;
						ProvisioningStyle = Automatic;
					};
					67240EE21E2A09C400FA524E = {
						CreatedOnToolsVersion = 8.0;
						ProvisioningStyle = Automatic;
						TestTargetID = 67240ECE1E2A09C400FA524E;
					};
					67240EED1E2A09C400FA524E = {
						CreatedOnToolsVersion = 8.0;
						ProvisioningStyle = Automatic;
						TestTargetID = 67240ECE1E2A09C400FA524E;
					};
				};
			};
			buildConfigurationList = 67240ECA1E2A09C400FA524E /* Build configuration list for PBXProject "RainyShiny" */;
			compatibilityVersion = "Xcode 3.2";
			developmentRegion = English;
			hasScannedForEncodings = 0;
			knownRegions = (
				en,
				Base,
			);
			mainGroup = 67240EC61E2A09C400FA524E;
			productRefGroup = 67240ED01E2A09C400FA524E /* Products */;
			projectDirPath = "";
			projectRoot = "";
			targets = (
				67240ECE1E2A09C400FA524E /* RainyShiny */,
				67240EE21E2A09C400FA524E /* RainyShinyTests */,
				67240EED1E2A09C400FA524E /* RainyShinyUITests */,
			);
		};
/* End PBXProject section */

/* Begin PBXResourcesBuildPhase section */
		67240ECD1E2A09C400FA524E /* Resources */ = {
			isa = PBXResourcesBuildPhase;
			buildActionMask = 2147483647;
			files = (
				67240EDD1E2A09C400FA524E /* LaunchScreen.storyboard in Resources */,
				67240EDA1E2A09C400FA524E /* Assets.xcassets in Resources */,
				67240ED81E2A09C400FA524E /* Main.storyboard in Resources */,
			);
			runOnlyForDeploymentPostprocessing = 0;
		};
		67240EE11E2A09C400FA524E /* Resources */ = {
			isa = PBXResourcesBuildPhase;
			buildActionMask = 2147483647;
			files = (
			);
			runOnlyForDeploymentPostprocessing = 0;
		};
		67240EEC1E2A09C400FA524E /* Resources */ = {
			isa = PBXResourcesBuildPhase;
			buildActionMask = 2147483647;
			files = (
			);
			runOnlyForDeploymentPostprocessing = 0;
		};
/* End PBXResourcesBuildPhase section */

/* Begin PBXSourcesBuildPhase section */
		67240ECB1E2A09C400FA524E /* Sources */ = {
			isa = PBXSourcesBuildPhase;
			buildActionMask = 2147483647;
			files = (
				67240ED51E2A09C400FA524E /* ViewController.swift in Sources */,
				67240ED31E2A09C400FA524E /* AppDelegate.swift in Sources */,
			);
			runOnlyForDeploymentPostprocessing = 0;
		};
		67240EDF1E2A09C400FA524E /* Sources */ = {
			isa = PBXSourcesBuildPhase;
			buildActionMask = 2147483647;
			files = (
				67240EE81E2A09C400FA524E /* RainyShinyTests.swift in Sources */,
			);
			runOnlyForDeploymentPostprocessing = 0;
		};
		67240EEA1E2A09C400FA524E /* Sources */ = {
			isa = PBXSourcesBuildPhase;
			buildActionMask = 2147483647;
			files = (
				67240EF31E2A09C400FA524E /* RainyShinyUITests.swift in Sources */,
			);
			runOnlyForDeploymentPostprocessing = 0;
		};
/* End PBXSourcesBuildPhase section */

/* Begin PBXTargetDependency section */
		67240EE51E2A09C400FA524E /* PBXTargetDependency */ = {
			isa = PBXTargetDependency;
			target = 67240ECE1E2A09C400FA524E /* RainyShiny */;
			targetProxy = 67240EE41E2A09C400FA524E /* PBXContainerItemProxy */;
		};
		67240EF01E2A09C400FA524E /* PBXTargetDependency */ = {
			isa = PBXTargetDependency;
			target = 67240ECE1E2A09C400FA524E /* RainyShiny */;
			targetProxy = 67240EEF1E2A09C400FA524E /* PBXContainerItemProxy */;
		};
/* End PBXTargetDependency section */

/* Begin PBXVariantGroup section */
		67240ED61E2A09C400FA524E /* Main.storyboard */ = {
			isa = PBXVariantGroup;
			children = (
				67240ED71E2A09C400FA524E /* Base */,
			);
			name = Main.storyboard;
			sourceTree = "<group>";
		};
		67240EDB1E2A09C400FA524E /* LaunchScreen.storyboard */ = {
			isa = PBXVariantGroup;
			children = (
				67240EDC1E2A09C400FA524E /* Base */,
			);
			name = LaunchScreen.storyboard;
			sourceTree = "<group>";
		};
/* End PBXVariantGroup section */

/* Begin XCBuildConfiguration section */
		67240EF51E2A09C400FA524E /* Debug */ = {
			isa = XCBuildConfiguration;
			buildSettings = {
				ALWAYS_SEARCH_USER_PATHS = NO;
				CLANG_ANALYZER_NONNULL = YES;
				CLANG_CXX_LANGUAGE_STANDARD = "gnu++0x";
				CLANG_CXX_LIBRARY = "libc++";
				CLANG_ENABLE_MODULES = YES;
				CLANG_ENABLE_OBJC_ARC = YES;
				CLANG_WARN_BOOL_CONVERSION = YES;
				CLANG_WARN_CONSTANT_CONVERSION = YES;
				CLANG_WARN_DIRECT_OBJC_ISA_USAGE = YES_ERROR;
				CLANG_WARN_DOCUMENTATION_COMMENTS = YES;
				CLANG_WARN_EMPTY_BODY = YES;
				CLANG_WARN_ENUM_CONVERSION = YES;
				CLANG_WARN_INFINITE_RECURSION = YES;
				CLANG_WARN_INT_CONVERSION = YES;
				CLANG_WARN_OBJC_ROOT_CLASS = YES_ERROR;
				CLANG_WARN_SUSPICIOUS_MOVES = YES;
				CLANG_WARN_UNREACHABLE_CODE = YES;
				CLANG_WARN__DUPLICATE_METHOD_MATCH = YES;
				"CODE_SIGN_IDENTITY[sdk=iphoneos*]" = "iPhone Developer";
				COPY_PHASE_STRIP = NO;
				DEBUG_INFORMATION_FORMAT = dwarf;
				ENABLE_STRICT_OBJC_MSGSEND = YES;
				ENABLE_TESTABILITY = YES;
				GCC_C_LANGUAGE_STANDARD = gnu99;
				GCC_DYNAMIC_NO_PIC = NO;
				GCC_NO_COMMON_BLOCKS = YES;
				GCC_OPTIMIZATION_LEVEL = 0;
				GCC_PREPROCESSOR_DEFINITIONS = (
					"DEBUG=1",
					"$(inherited)",
				);
				GCC_WARN_64_TO_32_BIT_CONVERSION = YES;
				GCC_WARN_ABOUT_RETURN_TYPE = YES_ERROR;
				GCC_WARN_UNDECLARED_SELECTOR = YES;
				GCC_WARN_UNINITIALIZED_AUTOS = YES_AGGRESSIVE;
				GCC_WARN_UNUSED_FUNCTION = YES;
				GCC_WARN_UNUSED_VARIABLE = YES;
				IPHONEOS_DEPLOYMENT_TARGET = 10.0;
				MTL_ENABLE_DEBUG_INFO = YES;
				ONLY_ACTIVE_ARCH = YES;
				SDKROOT = iphoneos;
				SWIFT_ACTIVE_COMPILATION_CONDITIONS = DEBUG;
				SWIFT_OPTIMIZATION_LEVEL = "-Onone";
				TARGETED_DEVICE_FAMILY = "1,2";
			};
			name = Debug;
		};
		67240EF61E2A09C400FA524E /* Release */ = {
			isa = XCBuildConfiguration;
			buildSettings = {
				ALWAYS_SEARCH_USER_PATHS = NO;
				CLANG_ANALYZER_NONNULL = YES;
				CLANG_CXX_LANGUAGE_STANDARD = "gnu++0x";
				CLANG_CXX_LIBRARY = "libc++";
				CLANG_ENABLE_MODULES = YES;
				CLANG_ENABLE_OBJC_ARC = YES;
				CLANG_WARN_BOOL_CONVERSION = YES;
				CLANG_WARN_CONSTANT_CONVERSION = YES;
				CLANG_WARN_DIRECT_OBJC_ISA_USAGE = YES_ERROR;
				CLANG_WARN_DOCUMENTATION_COMMENTS = YES;
				CLANG_WARN_EMPTY_BODY = YES;
				CLANG_WARN_ENUM_CONVERSION = YES;
				CLANG_WARN_INFINITE_RECURSION = YES;
				CLANG_WARN_INT_CONVERSION = YES;
				CLANG_WARN_OBJC_ROOT_CLASS = YES_ERROR;
				CLANG_WARN_SUSPICIOUS_MOVES = YES;
				CLANG_WARN_UNREACHABLE_CODE = YES;
				CLANG_WARN__DUPLICATE_METHOD_MATCH = YES;
				"CODE_SIGN_IDENTITY[sdk=iphoneos*]" = "iPhone Developer";
				COPY_PHASE_STRIP = NO;
				DEBUG_INFORMATION_FORMAT = "dwarf-with-dsym";
				ENABLE_NS_ASSERTIONS = NO;
				ENABLE_STRICT_OBJC_MSGSEND = YES;
				GCC_C_LANGUAGE_STANDARD = gnu99;
				GCC_NO_COMMON_BLOCKS = YES;
				GCC_WARN_64_TO_32_BIT_CONVERSION = YES;
				GCC_WARN_ABOUT_RETURN_TYPE = YES_ERROR;
				GCC_WARN_UNDECLARED_SELECTOR = YES;
				GCC_WARN_UNINITIALIZED_AUTOS = YES_AGGRESSIVE;
				GCC_WARN_UNUSED_FUNCTION = YES;
				GCC_WARN_UNUSED_VARIABLE = YES;
				IPHONEOS_DEPLOYMENT_TARGET = 10.0;
				MTL_ENABLE_DEBUG_INFO = NO;
				SDKROOT = iphoneos;
				SWIFT_OPTIMIZATION_LEVEL = "-Owholemodule";
				TARGETED_DEVICE_FAMILY = "1,2";
				VALIDATE_PRODUCT = YES;
			};
			name = Release;
		};
		67240EF81E2A09C400FA524E /* Debug */ = {
			isa = XCBuildConfiguration;
			buildSettings = {
				ASSETCATALOG_COMPILER_APPICON_NAME = AppIcon;
				INFOPLIST_FILE = RainyShiny/Info.plist;
				LD_RUNPATH_SEARCH_PATHS = "$(inherited) @executable_path/Frameworks";
				PRODUCT_BUNDLE_IDENTIFIER = com.RainyShiny;
				PRODUCT_NAME = "$(TARGET_NAME)";
				SWIFT_VERSION = 3.0;
			};
			name = Debug;
		};
		67240EF91E2A09C400FA524E /* Release */ = {
			isa = XCBuildConfiguration;
			buildSettings = {
				ASSETCATALOG_COMPILER_APPICON_NAME = AppIcon;
				INFOPLIST_FILE = RainyShiny/Info.plist;
				LD_RUNPATH_SEARCH_PATHS = "$(inherited) @executable_path/Frameworks";
				PRODUCT_BUNDLE_IDENTIFIER = com.RainyShiny;
				PRODUCT_NAME = "$(TARGET_NAME)";
				SWIFT_VERSION = 3.0;
			};
			name = Release;
		};
		67240EFB1E2A09C400FA524E /* Debug */ = {
			isa = XCBuildConfiguration;
			buildSettings = {
				ALWAYS_EMBED_SWIFT_STANDARD_LIBRARIES = YES;
				BUNDLE_LOADER = "$(TEST_HOST)";
				INFOPLIST_FILE = RainyShinyTests/Info.plist;
				LD_RUNPATH_SEARCH_PATHS = "$(inherited) @executable_path/Frameworks @loader_path/Frameworks";
				PRODUCT_BUNDLE_IDENTIFIER = com.RainyShinyTests;
				PRODUCT_NAME = "$(TARGET_NAME)";
				SWIFT_VERSION = 3.0;
				TEST_HOST = "$(BUILT_PRODUCTS_DIR)/RainyShiny.app/RainyShiny";
			};
			name = Debug;
		};
		67240EFC1E2A09C400FA524E /* Release */ = {
			isa = XCBuildConfiguration;
			buildSettings = {
				ALWAYS_EMBED_SWIFT_STANDARD_LIBRARIES = YES;
				BUNDLE_LOADER = "$(TEST_HOST)";
				INFOPLIST_FILE = RainyShinyTests/Info.plist;
				LD_RUNPATH_SEARCH_PATHS = "$(inherited) @executable_path/Frameworks @loader_path/Frameworks";
				PRODUCT_BUNDLE_IDENTIFIER = com.RainyShinyTests;
				PRODUCT_NAME = "$(TARGET_NAME)";
				SWIFT_VERSION = 3.0;
				TEST_HOST = "$(BUILT_PRODUCTS_DIR)/RainyShiny.app/RainyShiny";
			};
			name = Release;
		};
		67240EFE1E2A09C400FA524E /* Debug */ = {
			isa = XCBuildConfiguration;
			buildSettings = {
				ALWAYS_EMBED_SWIFT_STANDARD_LIBRARIES = YES;
				INFOPLIST_FILE = RainyShinyUITests/Info.plist;
				LD_RUNPATH_SEARCH_PATHS = "$(inherited) @executable_path/Frameworks @loader_path/Frameworks";
				PRODUCT_BUNDLE_IDENTIFIER = com.RainyShinyUITests;
				PRODUCT_NAME = "$(TARGET_NAME)";
				SWIFT_VERSION = 3.0;
				TEST_TARGET_NAME = RainyShiny;
			};
			name = Debug;
		};
		67240EFF1E2A09C400FA524E /* Release */ = {
			isa = XCBuildConfiguration;
			buildSettings = {
				ALWAYS_EMBED_SWIFT_STANDARD_LIBRARIES = YES;
				INFOPLIST_FILE = RainyShinyUITests/Info.plist;
				LD_RUNPATH_SEARCH_PATHS = "$(inherited) @executable_path/Frameworks @loader_path/Frameworks";
				PRODUCT_BUNDLE_IDENTIFIER = com.RainyShinyUITests;
				PRODUCT_NAME = "$(TARGET_NAME)";
				SWIFT_VERSION = 3.0;
				TEST_TARGET_NAME = RainyShiny;
			};
			name = Release;
		};
/* End XCBuildConfiguration section */

/* Begin XCConfigurationList section */
		67240ECA1E2A09C400FA524E /* Build configuration list for PBXProject "RainyShiny" */ = {
			isa = XCConfigurationList;
			buildConfigurations = (
				67240EF51E2A09C400FA524E /* Debug */,
				67240EF61E2A09C400FA524E /* Release */,
			);
			defaultConfigurationIsVisible = 0;
			defaultConfigurationName = Release;
		};
		67240EF71E2A09C400FA524E /* Build configuration list for PBXNativeTarget "RainyShiny" */ = {
			isa = XCConfigurationList;
			buildConfigurations = (
				67240EF81E2A09C400FA524E /* Debug */,
				67240EF91E2A09C400FA524E /* Release */,
			);
			defaultConfigurationIsVisible = 0;
		};
		67240EFA1E2A09C400FA524E /* Build configuration list for PBXNativeTarget "RainyShinyTests" */ = {
			isa = XCConfigurationList;
			buildConfigurations = (
				67240EFB1E2A09C400FA524E /* Debug */,
				67240EFC1E2A09C400FA524E /* Release */,
			);
			defaultConfigurationIsVisible = 0;
		};
		67240EFD1E2A09C400FA524E /* Build configuration list for PBXNativeTarget "RainyShinyUITests" */ = {
			isa = XCConfigurationList;
			buildConfigurations = (
				67240EFE1E2A09C400FA524E /* Debug */,
				67240EFF1E2A09C400FA524E /* Release */,
			);
			defaultConfigurationIsVisible = 0;
		};
/* End XCConfigurationList section */
	};
	rootObject = 67240EC71E2A09C400FA524E /* Project object */;
}
